
Microsoft Visual Studio Solution File, Format Version 12.00
# Visual Studio Version 17
VisualStudioVersion = 17.0.31903.59
MinimumVisualStudioVersion = 10.0.40219.1
Project("{9A19103F-16F7-4668-BE54-9A1E7A4F7556}") = "FatFamilyHelper", "FatFamilyHelper\FatFamilyHelper.csproj", "{3567D4B6-8C3A-4A1B-BB92-764923229E1B}"
EndProject
Project("{9A19103F-16F7-4668-BE54-9A1E7A4F7556}") = "FatFamilyHelper.Tests.Integration", "FatFamilyHelper.Tests.Integration\FatFamilyHelper.Tests.Integration.csproj", "{7FBB29C3-EBE4-42CF-967C-2A2855F7E7B0}"
EndProject
Project("{9A19103F-16F7-4668-BE54-9A1E7A4F7556}") = "FatFamilyHelper.Tests.Unit", "FatFamilyHelper.Tests.Unit\FatFamilyHelper.Tests.Unit.csproj", "{CEDA5D44-5BAC-4FB4-8889-51E5CAE484EA}"
EndProject
Project("{2150E333-8FDC-42A3-9474-1A3956D46DE8}") = "Solution Items", "Solution Items", "{35200FB1-1B3B-48C9-9FD0-CF8A68C87DD9}"
	ProjectSection(SolutionItems) = preProject
		SourceMod\sm_printinfo.sp = SourceMod\sm_printinfo.sp
	EndProjectSection
EndProject
Project("{9A19103F-16F7-4668-BE54-9A1E7A4F7556}") = "FatFamilyHelper.Sprays", "FatFamilyHelper.Sprays\FatFamilyHelper.Sprays.csproj", "{6BD2BFDE-3A0E-4255-B132-587512DF8883}"
EndProject
Project("{9A19103F-16F7-4668-BE54-9A1E7A4F7556}") = "FatFamilyHelper.ImageSharpExtensions", "FatFamilyHelper.ImageSharpExtensions\FatFamilyHelper.ImageSharpExtensions.csproj", "{5C10793B-E554-415B-9A31-1D93F3D8B7F7}"
EndProject
Project("{9A19103F-16F7-4668-BE54-9A1E7A4F7556}") = "CoreRCON", "CoreRcon\src\CoreRCON\CoreRCON.csproj", "{671A27CE-70C2-4D59-B8AE-1B104CA6235B}"
EndProject
Global
	GlobalSection(SolutionConfigurationPlatforms) = preSolution
		Debug|Any CPU = Debug|Any CPU
		Release|Any CPU = Release|Any CPU
	EndGlobalSection
	GlobalSection(ProjectConfigurationPlatforms) = postSolution
		{3567D4B6-8C3A-4A1B-BB92-764923229E1B}.Debug|Any CPU.ActiveCfg = Debug|Any CPU
		{3567D4B6-8C3A-4A1B-BB92-764923229E1B}.Debug|Any CPU.Build.0 = Debug|Any CPU
		{3567D4B6-8C3A-4A1B-BB92-764923229E1B}.Release|Any CPU.ActiveCfg = Release|Any CPU
		{3567D4B6-8C3A-4A1B-BB92-764923229E1B}.Release|Any CPU.Build.0 = Release|Any CPU
		{7FBB29C3-EBE4-42CF-967C-2A2855F7E7B0}.Debug|Any CPU.ActiveCfg = Debug|Any CPU
		{7FBB29C3-EBE4-42CF-967C-2A2855F7E7B0}.Debug|Any CPU.Build.0 = Debug|Any CPU
		{7FBB29C3-EBE4-42CF-967C-2A2855F7E7B0}.Release|Any CPU.ActiveCfg = Release|Any CPU
		{7FBB29C3-EBE4-42CF-967C-2A2855F7E7B0}.Release|Any CPU.Build.0 = Release|Any CPU
		{CEDA5D44-5BAC-4FB4-8889-51E5CAE484EA}.Debug|Any CPU.ActiveCfg = Debug|Any CPU
		{CEDA5D44-5BAC-4FB4-8889-51E5CAE484EA}.Debug|Any CPU.Build.0 = Debug|Any CPU
		{CEDA5D44-5BAC-4FB4-8889-51E5CAE484EA}.Release|Any CPU.ActiveCfg = Release|Any CPU
		{CEDA5D44-5BAC-4FB4-8889-51E5CAE484EA}.Release|Any CPU.Build.0 = Release|Any CPU
		{6BD2BFDE-3A0E-4255-B132-587512DF8883}.Debug|Any CPU.ActiveCfg = Debug|Any CPU
		{6BD2BFDE-3A0E-4255-B132-587512DF8883}.Debug|Any CPU.Build.0 = Debug|Any CPU
		{6BD2BFDE-3A0E-4255-B132-587512DF8883}.Release|Any CPU.ActiveCfg = Release|Any CPU
		{6BD2BFDE-3A0E-4255-B132-587512DF8883}.Release|Any CPU.Build.0 = Release|Any CPU
		{5C10793B-E554-415B-9A31-1D93F3D8B7F7}.Debug|Any CPU.ActiveCfg = Debug|Any CPU
		{5C10793B-E554-415B-9A31-1D93F3D8B7F7}.Debug|Any CPU.Build.0 = Debug|Any CPU
		{5C10793B-E554-415B-9A31-1D93F3D8B7F7}.Release|Any CPU.ActiveCfg = Release|Any CPU
		{5C10793B-E554-415B-9A31-1D93F3D8B7F7}.Release|Any CPU.Build.0 = Release|Any CPU
		{671A27CE-70C2-4D59-B8AE-1B104CA6235B}.Debug|Any CPU.ActiveCfg = Debug|Any CPU
		{671A27CE-70C2-4D59-B8AE-1B104CA6235B}.Debug|Any CPU.Build.0 = Debug|Any CPU
		{671A27CE-70C2-4D59-B8AE-1B104CA6235B}.Release|Any CPU.ActiveCfg = Release|Any CPU
		{671A27CE-70C2-4D59-B8AE-1B104CA6235B}.Release|Any CPU.Build.0 = Release|Any CPU
	EndGlobalSection
	GlobalSection(SolutionProperties) = preSolution
		HideSolutionNode = FALSE
	EndGlobalSection
	GlobalSection(ExtensibilityGlobals) = postSolution
		SolutionGuid = {1EF54E0C-5672-475F-9623-79D0775CF508}
	EndGlobalSection
EndGlobal
